
Microsoft Visual Studio Solution File, Format Version 12.00
# Visual Studio Version 17
VisualStudioVersion = 17.1.32407.343
MinimumVisualStudioVersion = 10.0.40219.1
Project("{2150E333-8FDC-42A3-9474-1A3956D46DE8}") = "Src", "Src", "{4259BC35-46F9-4247-B602-AA6C6705E4CD}"
EndProject
Project("{2150E333-8FDC-42A3-9474-1A3956D46DE8}") = "Test", "Test", "{83F948CB-6BF1-4025-A6BA-5CC57C3171DA}"
EndProject
Project("{9A19103F-16F7-4668-BE54-9A1E7A4F7556}") = "Api.GNB", "Api.GNB\Api.GNB.csproj", "{0B9B933C-0DCF-4DA6-A756-0FB672AD114E}"
EndProject
Project("{9A19103F-16F7-4668-BE54-9A1E7A4F7556}") = "Core.GNB", "Core.GNB\Core.GNB.csproj", "{8342ECC6-A8D1-4F06-871D-48A1FDDA01D7}"
EndProject
Project("{2150E333-8FDC-42A3-9474-1A3956D46DE8}") = "Common", "Common", "{FB30D287-CB65-49D9-9D20-21DC13D4D771}"
EndProject
Project("{9A19103F-16F7-4668-BE54-9A1E7A4F7556}") = "Domain.GNB", "Domain.GNB\Domain.GNB.csproj", "{C4986234-B8EA-4618-A8AE-17B8F36CCEE5}"
EndProject
Project("{9A19103F-16F7-4668-BE54-9A1E7A4F7556}") = "Data.GNB", "Data.GNB\Data.GNB.csproj", "{9EF1C754-0D51-42BF-BF3F-27CEC841051E}"
EndProject
Project("{9A19103F-16F7-4668-BE54-9A1E7A4F7556}") = "Utilities", "Utilities\Utilities.csproj", "{F486E87B-B5B4-4CB0-A331-F98A82AAB036}"
EndProject
Project("{2150E333-8FDC-42A3-9474-1A3956D46DE8}") = "Web", "Web", "{7ACD73CF-0376-4B58-97DA-22708B69356A}"
EndProject
Project("{9A19103F-16F7-4668-BE54-9A1E7A4F7556}") = "Web.GNB", "Web.GNB\Web.GNB.csproj", "{16B9FE80-10E9-45A2-840E-7C2C2525F6D9}"
EndProject
Project("{9A19103F-16F7-4668-BE54-9A1E7A4F7556}") = "Web.Core.GNB", "Web.Core.GNB\Web.Core.GNB.csproj", "{AC9263C5-22A5-4DEC-A480-EA05519BCD2F}"
EndProject
Project("{2150E333-8FDC-42A3-9474-1A3956D46DE8}") = "Api", "Api", "{D7CE337B-23AD-4C6D-9352-A607A3FD33C9}"
EndProject
Project("{FAE04EC0-301F-11D3-BF4B-00C04F79EFBC}") = "Api.GNB.Test", "Api.GNB.Test\Api.GNB.Test.csproj", "{CCC9887E-E04B-4986-9F1E-907CFFC7805A}"
EndProject
Project("{FAE04EC0-301F-11D3-BF4B-00C04F79EFBC}") = "Core.GNB.Test", "Core.GNB.Test\Core.GNB.Test.csproj", "{785D5C6A-00AB-4090-9244-929C064FDFFA}"
EndProject
Global
	GlobalSection(SolutionConfigurationPlatforms) = preSolution
		Debug|Any CPU = Debug|Any CPU
		Release|Any CPU = Release|Any CPU
	EndGlobalSection
	GlobalSection(ProjectConfigurationPlatforms) = postSolution
		{0B9B933C-0DCF-4DA6-A756-0FB672AD114E}.Debug|Any CPU.ActiveCfg = Debug|Any CPU
		{0B9B933C-0DCF-4DA6-A756-0FB672AD114E}.Debug|Any CPU.Build.0 = Debug|Any CPU
		{0B9B933C-0DCF-4DA6-A756-0FB672AD114E}.Release|Any CPU.ActiveCfg = Release|Any CPU
		{0B9B933C-0DCF-4DA6-A756-0FB672AD114E}.Release|Any CPU.Build.0 = Release|Any CPU
		{8342ECC6-A8D1-4F06-871D-48A1FDDA01D7}.Debug|Any CPU.ActiveCfg = Debug|Any CPU
		{8342ECC6-A8D1-4F06-871D-48A1FDDA01D7}.Debug|Any CPU.Build.0 = Debug|Any CPU
		{8342ECC6-A8D1-4F06-871D-48A1FDDA01D7}.Release|Any CPU.ActiveCfg = Release|Any CPU
		{8342ECC6-A8D1-4F06-871D-48A1FDDA01D7}.Release|Any CPU.Build.0 = Release|Any CPU
		{C4986234-B8EA-4618-A8AE-17B8F36CCEE5}.Debug|Any CPU.ActiveCfg = Debug|Any CPU
		{C4986234-B8EA-4618-A8AE-17B8F36CCEE5}.Debug|Any CPU.Build.0 = Debug|Any CPU
		{C4986234-B8EA-4618-A8AE-17B8F36CCEE5}.Release|Any CPU.ActiveCfg = Release|Any CPU
		{C4986234-B8EA-4618-A8AE-17B8F36CCEE5}.Release|Any CPU.Build.0 = Release|Any CPU
		{9EF1C754-0D51-42BF-BF3F-27CEC841051E}.Debug|Any CPU.ActiveCfg = Debug|Any CPU
		{9EF1C754-0D51-42BF-BF3F-27CEC841051E}.Debug|Any CPU.Build.0 = Debug|Any CPU
		{9EF1C754-0D51-42BF-BF3F-27CEC841051E}.Release|Any CPU.ActiveCfg = Release|Any CPU
		{9EF1C754-0D51-42BF-BF3F-27CEC841051E}.Release|Any CPU.Build.0 = Release|Any CPU
		{F486E87B-B5B4-4CB0-A331-F98A82AAB036}.Debug|Any CPU.ActiveCfg = Debug|Any CPU
		{F486E87B-B5B4-4CB0-A331-F98A82AAB036}.Debug|Any CPU.Build.0 = Debug|Any CPU
		{F486E87B-B5B4-4CB0-A331-F98A82AAB036}.Release|Any CPU.ActiveCfg = Release|Any CPU
		{F486E87B-B5B4-4CB0-A331-F98A82AAB036}.Release|Any CPU.Build.0 = Release|Any CPU
		{16B9FE80-10E9-45A2-840E-7C2C2525F6D9}.Debug|Any CPU.ActiveCfg = Debug|Any CPU
		{16B9FE80-10E9-45A2-840E-7C2C2525F6D9}.Debug|Any CPU.Build.0 = Debug|Any CPU
		{16B9FE80-10E9-45A2-840E-7C2C2525F6D9}.Release|Any CPU.ActiveCfg = Release|Any CPU
		{16B9FE80-10E9-45A2-840E-7C2C2525F6D9}.Release|Any CPU.Build.0 = Release|Any CPU
		{AC9263C5-22A5-4DEC-A480-EA05519BCD2F}.Debug|Any CPU.ActiveCfg = Debug|Any CPU
		{AC9263C5-22A5-4DEC-A480-EA05519BCD2F}.Debug|Any CPU.Build.0 = Debug|Any CPU
		{AC9263C5-22A5-4DEC-A480-EA05519BCD2F}.Release|Any CPU.ActiveCfg = Release|Any CPU
		{AC9263C5-22A5-4DEC-A480-EA05519BCD2F}.Release|Any CPU.Build.0 = Release|Any CPU
		{CCC9887E-E04B-4986-9F1E-907CFFC7805A}.Debug|Any CPU.ActiveCfg = Debug|Any CPU
		{CCC9887E-E04B-4986-9F1E-907CFFC7805A}.Debug|Any CPU.Build.0 = Debug|Any CPU
		{CCC9887E-E04B-4986-9F1E-907CFFC7805A}.Release|Any CPU.ActiveCfg = Release|Any CPU
		{CCC9887E-E04B-4986-9F1E-907CFFC7805A}.Release|Any CPU.Build.0 = Release|Any CPU
		{785D5C6A-00AB-4090-9244-929C064FDFFA}.Debug|Any CPU.ActiveCfg = Debug|Any CPU
		{785D5C6A-00AB-4090-9244-929C064FDFFA}.Debug|Any CPU.Build.0 = Debug|Any CPU
		{785D5C6A-00AB-4090-9244-929C064FDFFA}.Release|Any CPU.ActiveCfg = Release|Any CPU
		{785D5C6A-00AB-4090-9244-929C064FDFFA}.Release|Any CPU.Build.0 = Release|Any CPU
	EndGlobalSection
	GlobalSection(SolutionProperties) = preSolution
		HideSolutionNode = FALSE
	EndGlobalSection
	GlobalSection(NestedProjects) = preSolution
		{0B9B933C-0DCF-4DA6-A756-0FB672AD114E} = {D7CE337B-23AD-4C6D-9352-A607A3FD33C9}
		{8342ECC6-A8D1-4F06-871D-48A1FDDA01D7} = {D7CE337B-23AD-4C6D-9352-A607A3FD33C9}
		{C4986234-B8EA-4618-A8AE-17B8F36CCEE5} = {FB30D287-CB65-49D9-9D20-21DC13D4D771}
		{9EF1C754-0D51-42BF-BF3F-27CEC841051E} = {FB30D287-CB65-49D9-9D20-21DC13D4D771}
		{F486E87B-B5B4-4CB0-A331-F98A82AAB036} = {FB30D287-CB65-49D9-9D20-21DC13D4D771}
		{7ACD73CF-0376-4B58-97DA-22708B69356A} = {4259BC35-46F9-4247-B602-AA6C6705E4CD}
		{16B9FE80-10E9-45A2-840E-7C2C2525F6D9} = {7ACD73CF-0376-4B58-97DA-22708B69356A}
		{AC9263C5-22A5-4DEC-A480-EA05519BCD2F} = {7ACD73CF-0376-4B58-97DA-22708B69356A}
		{D7CE337B-23AD-4C6D-9352-A607A3FD33C9} = {4259BC35-46F9-4247-B602-AA6C6705E4CD}
		{CCC9887E-E04B-4986-9F1E-907CFFC7805A} = {83F948CB-6BF1-4025-A6BA-5CC57C3171DA}
		{785D5C6A-00AB-4090-9244-929C064FDFFA} = {83F948CB-6BF1-4025-A6BA-5CC57C3171DA}
	EndGlobalSection
	GlobalSection(ExtensibilityGlobals) = postSolution
		SolutionGuid = {C1BA0B38-B615-408B-B6E7-14D950961BA7}
	EndGlobalSection
EndGlobal
